
Microsoft Visual Studio Solution File, Format Version 12.00
# Visual Studio Version 17
VisualStudioVersion = 17.0.32112.339
MinimumVisualStudioVersion = 10.0.40219.1
Project("{9A19103F-16F7-4668-BE54-9A1E7A4F7556}") = "WebApplication1", "WebApplication1\WebApplication1.csproj", "{471BC054-BF12-459F-88D7-459800A39E51}"
EndProject
Project("{2150E333-8FDC-42A3-9474-1A3956D46DE8}") = "Docs", "Docs", "{9C45AACF-0FDF-4001-82C4-E11159443D9C}"
	ProjectSection(SolutionItems) = preProject
		..\..\..\..\Downloads\Ecommerce Documentation.docx = ..\..\..\..\Downloads\Ecommerce Documentation.docx
	EndProjectSection
EndProject
Project("{E24C65DC-7377-472B-9ABA-BC803B73C61A}") = "Asikimu", "Asikimu\", "{9571D1DD-23E7-45D2-92A1-C1A75C856B16}"
	ProjectSection(WebsiteProperties) = preProject
		TargetFrameworkMoniker = ".NETFramework,Version%3Dv4.0"
		Debug.AspNetCompiler.VirtualPath = "/localhost_65395"
		Debug.AspNetCompiler.PhysicalPath = "Asikimu\"
		Debug.AspNetCompiler.TargetPath = "PrecompiledWeb\localhost_65395\"
		Debug.AspNetCompiler.Updateable = "true"
		Debug.AspNetCompiler.ForceOverwrite = "true"
		Debug.AspNetCompiler.FixedNames = "false"
		Debug.AspNetCompiler.Debug = "True"
		Release.AspNetCompiler.VirtualPath = "/localhost_65395"
		Release.AspNetCompiler.PhysicalPath = "Asikimu\"
		Release.AspNetCompiler.TargetPath = "PrecompiledWeb\localhost_65395\"
		Release.AspNetCompiler.Updateable = "true"
		Release.AspNetCompiler.ForceOverwrite = "true"
		Release.AspNetCompiler.FixedNames = "false"
		Release.AspNetCompiler.Debug = "False"
		VWDPort = "65395"
		SlnRelativePath = "Asikimu\"
	EndProjectSection
EndProject
Global
	GlobalSection(SolutionConfigurationPlatforms) = preSolution
		Debug|Any CPU = Debug|Any CPU
		Release|Any CPU = Release|Any CPU
	EndGlobalSection
	GlobalSection(ProjectConfigurationPlatforms) = postSolution
		{471BC054-BF12-459F-88D7-459800A39E51}.Debug|Any CPU.ActiveCfg = Debug|Any CPU
		{471BC054-BF12-459F-88D7-459800A39E51}.Debug|Any CPU.Build.0 = Debug|Any CPU
		{471BC054-BF12-459F-88D7-459800A39E51}.Release|Any CPU.ActiveCfg = Release|Any CPU
		{471BC054-BF12-459F-88D7-459800A39E51}.Release|Any CPU.Build.0 = Release|Any CPU
		{9571D1DD-23E7-45D2-92A1-C1A75C856B16}.Debug|Any CPU.ActiveCfg = Debug|Any CPU
		{9571D1DD-23E7-45D2-92A1-C1A75C856B16}.Debug|Any CPU.Build.0 = Debug|Any CPU
		{9571D1DD-23E7-45D2-92A1-C1A75C856B16}.Release|Any CPU.ActiveCfg = Debug|Any CPU
		{9571D1DD-23E7-45D2-92A1-C1A75C856B16}.Release|Any CPU.Build.0 = Debug|Any CPU
	EndGlobalSection
	GlobalSection(SolutionProperties) = preSolution
		HideSolutionNode = FALSE
	EndGlobalSection
	GlobalSection(ExtensibilityGlobals) = postSolution
		SolutionGuid = {D0F1216D-4C15-46D8-9F2B-C2658FA2832E}
	EndGlobalSection
EndGlobal
